
Microsoft Visual Studio Solution File, Format Version 12.00
# Visual Studio Version 17
VisualStudioVersion = 17.2.32414.248
MinimumVisualStudioVersion = 10.0.40219.1
Project("{9A19103F-16F7-4668-BE54-9A1E7A4F7556}") = "DynamicCRUD", "DynamicCRUD.csproj", "{26E64612-1BAF-4342-87FC-B2E5DEE95D0D}"
EndProject
Project("{2150E333-8FDC-42A3-9474-1A3956D46DE8}") = "Solution Items", "Solution Items", "{8C9F691E-28C6-47B4-8A1C-A87184F6FC99}"
	ProjectSection(SolutionItems) = preProject
		..\README.md = ..\README.md
	EndProjectSection
EndProject
Project("{9A19103F-16F7-4668-BE54-9A1E7A4F7556}") = "DynamicCRUDTests", "..\DynamicCRUDTests\DynamicCRUDTests.csproj", "{51FA52F1-0D7D-49FB-867C-084329CEF47A}"
EndProject
Project("{FAE04EC0-301F-11D3-BF4B-00C04F79EFBC}") = "SampleApplication", "..\SampleApplication\SampleApplication.csproj", "{31A86318-E911-4965-9B8E-DBF57D8B32ED}"
EndProject
Global
	GlobalSection(SolutionConfigurationPlatforms) = preSolution
		Debug|Any CPU = Debug|Any CPU
		Release|Any CPU = Release|Any CPU
	EndGlobalSection
	GlobalSection(ProjectConfigurationPlatforms) = postSolution
		{26E64612-1BAF-4342-87FC-B2E5DEE95D0D}.Debug|Any CPU.ActiveCfg = Debug|Any CPU
		{26E64612-1BAF-4342-87FC-B2E5DEE95D0D}.Debug|Any CPU.Build.0 = Debug|Any CPU
		{26E64612-1BAF-4342-87FC-B2E5DEE95D0D}.Release|Any CPU.ActiveCfg = Release|Any CPU
		{26E64612-1BAF-4342-87FC-B2E5DEE95D0D}.Release|Any CPU.Build.0 = Release|Any CPU
		{51FA52F1-0D7D-49FB-867C-084329CEF47A}.Debug|Any CPU.ActiveCfg = Debug|Any CPU
		{51FA52F1-0D7D-49FB-867C-084329CEF47A}.Debug|Any CPU.Build.0 = Debug|Any CPU
		{51FA52F1-0D7D-49FB-867C-084329CEF47A}.Release|Any CPU.ActiveCfg = Release|Any CPU
		{51FA52F1-0D7D-49FB-867C-084329CEF47A}.Release|Any CPU.Build.0 = Release|Any CPU
		{31A86318-E911-4965-9B8E-DBF57D8B32ED}.Debug|Any CPU.ActiveCfg = Debug|Any CPU
		{31A86318-E911-4965-9B8E-DBF57D8B32ED}.Debug|Any CPU.Build.0 = Debug|Any CPU
		{31A86318-E911-4965-9B8E-DBF57D8B32ED}.Release|Any CPU.ActiveCfg = Release|Any CPU
		{31A86318-E911-4965-9B8E-DBF57D8B32ED}.Release|Any CPU.Build.0 = Release|Any CPU
	EndGlobalSection
	GlobalSection(SolutionProperties) = preSolution
		HideSolutionNode = FALSE
	EndGlobalSection
	GlobalSection(ExtensibilityGlobals) = postSolution
		SolutionGuid = {94690E34-FB6A-4E9B-89EE-BB63CB937333}
	EndGlobalSection
EndGlobal
