
Microsoft Visual Studio Solution File, Format Version 12.00
# Visual Studio Version 17
VisualStudioVersion = 17.2.32414.248
MinimumVisualStudioVersion = 10.0.40219.1
Project("{9A19103F-16F7-4668-BE54-9A1E7A4F7556}") = "DynamicCRUD", "..\..\BostonAcademic.Solution\DynamicCRUD\DynamicCRUD.csproj", "{78BB5EA8-DE0F-4E6E-9179-422C190FB70C}"
EndProject
Global
	GlobalSection(SolutionConfigurationPlatforms) = preSolution
		Debug|Any CPU = Debug|Any CPU
		Release|Any CPU = Release|Any CPU
	EndGlobalSection
	GlobalSection(ProjectConfigurationPlatforms) = postSolution
		{78BB5EA8-DE0F-4E6E-9179-422C190FB70C}.Debug|Any CPU.ActiveCfg = Debug|Any CPU
		{78BB5EA8-DE0F-4E6E-9179-422C190FB70C}.Debug|Any CPU.Build.0 = Debug|Any CPU
		{78BB5EA8-DE0F-4E6E-9179-422C190FB70C}.Release|Any CPU.ActiveCfg = Release|Any CPU
		{78BB5EA8-DE0F-4E6E-9179-422C190FB70C}.Release|Any CPU.Build.0 = Release|Any CPU
	EndGlobalSection
	GlobalSection(SolutionProperties) = preSolution
		HideSolutionNode = FALSE
	EndGlobalSection
	GlobalSection(ExtensibilityGlobals) = postSolution
		SolutionGuid = {94690E34-FB6A-4E9B-89EE-BB63CB937333}
	EndGlobalSection
EndGlobal
